
Microsoft Visual Studio Solution File, Format Version 12.00
# Visual Studio Version 16
VisualStudioVersion = 16.0.31702.278
MinimumVisualStudioVersion = 10.0.40219.1
Project("{FAE04EC0-301F-11D3-BF4B-00C04F79EFBC}") = "NV_CLIENT", "NV_CLIENT\NV_CLIENT.csproj", "{DDF74389-EAC2-4575-9269-F6ACE5C9F480}"
EndProject
Global
	GlobalSection(SolutionConfigurationPlatforms) = preSolution
		Debug|Any CPU = Debug|Any CPU
		Release|Any CPU = Release|Any CPU
	EndGlobalSection
	GlobalSection(ProjectConfigurationPlatforms) = postSolution
		{DDF74389-EAC2-4575-9269-F6ACE5C9F480}.Debug|Any CPU.ActiveCfg = Debug|Any CPU
		{DDF74389-EAC2-4575-9269-F6ACE5C9F480}.Debug|Any CPU.Build.0 = Debug|Any CPU
		{DDF74389-EAC2-4575-9269-F6ACE5C9F480}.Release|Any CPU.ActiveCfg = Release|Any CPU
		{DDF74389-EAC2-4575-9269-F6ACE5C9F480}.Release|Any CPU.Build.0 = Release|Any CPU
	EndGlobalSection
	GlobalSection(SolutionProperties) = preSolution
		HideSolutionNode = FALSE
	EndGlobalSection
	GlobalSection(ExtensibilityGlobals) = postSolution
		SolutionGuid = {739EF635-A9D8-487C-9B0E-BFFFE11FCBA1}
	EndGlobalSection
EndGlobal
